
Microsoft Visual Studio Solution File, Format Version 12.00
# Visual Studio Version 17
VisualStudioVersion = 17.1.32407.343
MinimumVisualStudioVersion = 10.0.40219.1
Project("{FAE04EC0-301F-11D3-BF4B-00C04F79EFBC}") = "Base", "Base\Base.csproj", "{3959339F-4D57-4C37-A342-905A2DF27000}"
EndProject
Project("{FAE04EC0-301F-11D3-BF4B-00C04F79EFBC}") = "BaseTest", "BaseTest\BaseTest.csproj", "{41716812-A81C-4A4D-B863-F1075B70ECA6}"
EndProject
Project("{FAE04EC0-301F-11D3-BF4B-00C04F79EFBC}") = "Crypto", "Crypto\Crypto.csproj", "{F5B31466-6A1D-4684-9EB1-CC5FC8825443}"
EndProject
Project("{FAE04EC0-301F-11D3-BF4B-00C04F79EFBC}") = "CryptoTest", "CryptoTest\CryptoTest.csproj", "{42E28FEC-1899-40D2-99EC-BC185D06C944}"
EndProject
Project("{FAE04EC0-301F-11D3-BF4B-00C04F79EFBC}") = "Net", "Net\Net.csproj", "{557468BD-7E0F-4E68-B283-15779BDE585B}"
EndProject
Project("{FAE04EC0-301F-11D3-BF4B-00C04F79EFBC}") = "MonitorClient", "MonitorClient\MonitorClient.csproj", "{C988C2F6-84AA-47A1-9DAA-D30745E2781D}"
EndProject
Project("{FAE04EC0-301F-11D3-BF4B-00C04F79EFBC}") = "Monitor", "Monitor\Monitor.csproj", "{819B1E2D-8EDF-4CFE-B5E7-E0B9D8227738}"
EndProject
Project("{FAE04EC0-301F-11D3-BF4B-00C04F79EFBC}") = "Physics", "Physics\Physics.csproj", "{7D732823-3CC7-4DD8-87C3-D8C17A59B771}"
EndProject
Project("{FAE04EC0-301F-11D3-BF4B-00C04F79EFBC}") = "PhysicsTest", "PhysicsTest\PhysicsTest.csproj", "{25E26C09-3749-4BF4-822D-4C7510415B31}"
EndProject
Project("{FAE04EC0-301F-11D3-BF4B-00C04F79EFBC}") = "Util", "Util\Util.csproj", "{21968CEC-BD93-484B-8687-635511F17399}"
EndProject
Project("{FAE04EC0-301F-11D3-BF4B-00C04F79EFBC}") = "UtilTest", "UtilTest\UtilTest.csproj", "{5C20B477-27E9-4C3B-83ED-B95504B53BDE}"
EndProject
Project("{FAE04EC0-301F-11D3-BF4B-00C04F79EFBC}") = "Math", "Math\Math.csproj", "{E25BEEF6-732F-41FF-B736-22D1DD60C0C2}"
EndProject
Project("{FAE04EC0-301F-11D3-BF4B-00C04F79EFBC}") = "MathTest", "MathTest\MathTest.csproj", "{34BEDC88-2A5B-4F16-95D1-D985D80790FF}"
EndProject
Project("{FAE04EC0-301F-11D3-BF4B-00C04F79EFBC}") = "GameUtil", "GameUtil\GameUtil.csproj", "{AC70FBB2-F50F-48E7-A7CD-65C6444681E5}"
EndProject
Project("{FAE04EC0-301F-11D3-BF4B-00C04F79EFBC}") = "Game", "Game\Game.csproj", "{266B2553-656F-4BBB-954A-99B567EC25F9}"
EndProject
Project("{2150E333-8FDC-42A3-9474-1A3956D46DE8}") = "Doc", "Doc", "{085984E9-1FCF-4504-9EF0-984ECF43FFD1}"
	ProjectSection(SolutionItems) = preProject
		Doc\JoyStick.cs = Doc\JoyStick.cs
		Doc\Ref.txt = Doc\Ref.txt
	EndProjectSection
EndProject
Project("{FAE04EC0-301F-11D3-BF4B-00C04F79EFBC}") = "Core", "Core\Core.csproj", "{71034760-0970-41F9-9211-806A4DBAA705}"
EndProject
Project("{FAE04EC0-301F-11D3-BF4B-00C04F79EFBC}") = "GameUtilTest", "GameUtilTest\GameUtilTest.csproj", "{993AA77F-DD36-4DF8-ADC0-3A4EAE85971C}"
EndProject
Project("{FAE04EC0-301F-11D3-BF4B-00C04F79EFBC}") = "CassandraTest", "CassandraTest\CassandraTest.csproj", "{42E9F999-2585-4CD6-AF59-D29D42FC2C69}"
EndProject
Project("{FAE04EC0-301F-11D3-BF4B-00C04F79EFBC}") = "MongoTest", "MongoTest\MongoTest.csproj", "{FF7BA45C-71E7-4ADD-8FB2-EAC585A513A1}"
EndProject
Project("{FAE04EC0-301F-11D3-BF4B-00C04F79EFBC}") = "GameClientTest", "GameClient\GameClientTest.csproj", "{1A34B545-80B2-4B5B-A83B-AB660C2D622A}"
EndProject
Project("{FAE04EC0-301F-11D3-BF4B-00C04F79EFBC}") = "Mobile", "Mobile\Mobile.csproj", "{A12D89B8-B453-4108-95DE-6CA89773098B}"
EndProject
Project("{FAE04EC0-301F-11D3-BF4B-00C04F79EFBC}") = "MobileTest", "MobileTest\MobileTest.csproj", "{3A980D16-C5CE-478F-9C42-B959D9BB0F9C}"
EndProject
Project("{FAE04EC0-301F-11D3-BF4B-00C04F79EFBC}") = "NetClientTest", "NetClientTest\NetClientTest.csproj", "{3D95E595-D107-4543-AD15-B98ABB2BFDC1}"
EndProject
Project("{FAE04EC0-301F-11D3-BF4B-00C04F79EFBC}") = "CoreTest", "CoreTest\CoreTest.csproj", "{0F5A95B4-DCD2-4523-8964-0E6133499307}"
EndProject
Project("{FAE04EC0-301F-11D3-BF4B-00C04F79EFBC}") = "Balance", "Balance\Balance.csproj", "{84CD9C11-74E7-477F-BFA7-B619CF3B9332}"
EndProject
Project("{FAE04EC0-301F-11D3-BF4B-00C04F79EFBC}") = "Google", "Google\Google.csproj", "{15595F93-B2B8-477C-8CB8-0DBA8C9BC410}"
EndProject
Project("{FAE04EC0-301F-11D3-BF4B-00C04F79EFBC}") = "GoogleTest", "GoogleTest\GoogleTest.csproj", "{EFFE9505-0C2A-4D08-A863-D10BED27966B}"
EndProject
Project("{FAE04EC0-301F-11D3-BF4B-00C04F79EFBC}") = "Proto", "Proto\Proto.csproj", "{42BA6475-58BA-4CAE-B265-96CD40811299}"
EndProject
Project("{FAE04EC0-301F-11D3-BF4B-00C04F79EFBC}") = "Excel", "Excel\Excel.csproj", "{7AEDBAA8-F841-48A8-AA60-A5B8FD8B1D60}"
EndProject
Project("{FAE04EC0-301F-11D3-BF4B-00C04F79EFBC}") = "ExcelTest", "ExcelTest\ExcelTest.csproj", "{6728883B-56FB-497C-BA32-7AC44388D460}"
EndProject
Project("{FAE04EC0-301F-11D3-BF4B-00C04F79EFBC}") = "BalanceTest", "BalanceTest\BalanceTest.csproj", "{02A08A3E-0694-44CA-8325-7E7A9B5D37E1}"
EndProject
Project("{FAE04EC0-301F-11D3-BF4B-00C04F79EFBC}") = "Patch", "Patch\Patch.csproj", "{74367BEA-438C-42AA-87ED-FE56133384EF}"
EndProject
Project("{FAE04EC0-301F-11D3-BF4B-00C04F79EFBC}") = "PatchClientTest", "PatchClientTest\PatchClientTest.csproj", "{3C01280E-505B-4059-ABBF-4ED1959095CE}"
EndProject
Project("{FAE04EC0-301F-11D3-BF4B-00C04F79EFBC}") = "PatchAgent", "PatchAgent\PatchAgent.csproj", "{68FDC998-B8C2-41CB-9056-EF234FF44F6E}"
EndProject
Project("{FAE04EC0-301F-11D3-BF4B-00C04F79EFBC}") = "Balance_LC", "Balance_LC\Balance_LC.csproj", "{C579718B-6727-4974-9D98-FDB8106CE5C8}"
EndProject
Project("{FAE04EC0-301F-11D3-BF4B-00C04F79EFBC}") = "Balance_RR", "Balance_RR\Balance_RR.csproj", "{7351E226-77DC-4B67-9757-D56272FC2D80}"
EndProject
Project("{FAE04EC0-301F-11D3-BF4B-00C04F79EFBC}") = "Http", "Http\Http.csproj", "{A50C4C93-5AD7-4D7A-AB43-31019868C08B}"
EndProject
Project("{FAE04EC0-301F-11D3-BF4B-00C04F79EFBC}") = "HttpTest", "HttpTest\HttpTest.csproj", "{8D06AF81-897C-4FC8-910C-1B32E2706D7D}"
EndProject
Global
	GlobalSection(SolutionConfigurationPlatforms) = preSolution
		Debug|Any CPU = Debug|Any CPU
		Debug|x64 = Debug|x64
		Debug|x86 = Debug|x86
		Release|Any CPU = Release|Any CPU
		Release|x64 = Release|x64
		Release|x86 = Release|x86
	EndGlobalSection
	GlobalSection(ProjectConfigurationPlatforms) = postSolution
		{3959339F-4D57-4C37-A342-905A2DF27000}.Debug|Any CPU.ActiveCfg = Debug|Any CPU
		{3959339F-4D57-4C37-A342-905A2DF27000}.Debug|Any CPU.Build.0 = Debug|Any CPU
		{3959339F-4D57-4C37-A342-905A2DF27000}.Debug|x64.ActiveCfg = Debug|x64
		{3959339F-4D57-4C37-A342-905A2DF27000}.Debug|x64.Build.0 = Debug|x64
		{3959339F-4D57-4C37-A342-905A2DF27000}.Debug|x86.ActiveCfg = Debug|x86
		{3959339F-4D57-4C37-A342-905A2DF27000}.Debug|x86.Build.0 = Debug|x86
		{3959339F-4D57-4C37-A342-905A2DF27000}.Release|Any CPU.ActiveCfg = Release|Any CPU
		{3959339F-4D57-4C37-A342-905A2DF27000}.Release|Any CPU.Build.0 = Release|Any CPU
		{3959339F-4D57-4C37-A342-905A2DF27000}.Release|x64.ActiveCfg = Release|x64
		{3959339F-4D57-4C37-A342-905A2DF27000}.Release|x64.Build.0 = Release|x64
		{3959339F-4D57-4C37-A342-905A2DF27000}.Release|x86.ActiveCfg = Release|x86
		{3959339F-4D57-4C37-A342-905A2DF27000}.Release|x86.Build.0 = Release|x86
		{41716812-A81C-4A4D-B863-F1075B70ECA6}.Debug|Any CPU.ActiveCfg = Debug|Any CPU
		{41716812-A81C-4A4D-B863-F1075B70ECA6}.Debug|Any CPU.Build.0 = Debug|Any CPU
		{41716812-A81C-4A4D-B863-F1075B70ECA6}.Debug|x64.ActiveCfg = Debug|x64
		{41716812-A81C-4A4D-B863-F1075B70ECA6}.Debug|x64.Build.0 = Debug|x64
		{41716812-A81C-4A4D-B863-F1075B70ECA6}.Debug|x86.ActiveCfg = Debug|x86
		{41716812-A81C-4A4D-B863-F1075B70ECA6}.Debug|x86.Build.0 = Debug|x86
		{41716812-A81C-4A4D-B863-F1075B70ECA6}.Release|Any CPU.ActiveCfg = Release|Any CPU
		{41716812-A81C-4A4D-B863-F1075B70ECA6}.Release|Any CPU.Build.0 = Release|Any CPU
		{41716812-A81C-4A4D-B863-F1075B70ECA6}.Release|x64.ActiveCfg = Release|x64
		{41716812-A81C-4A4D-B863-F1075B70ECA6}.Release|x64.Build.0 = Release|x64
		{41716812-A81C-4A4D-B863-F1075B70ECA6}.Release|x86.ActiveCfg = Release|x86
		{41716812-A81C-4A4D-B863-F1075B70ECA6}.Release|x86.Build.0 = Release|x86
		{F5B31466-6A1D-4684-9EB1-CC5FC8825443}.Debug|Any CPU.ActiveCfg = Debug|Any CPU
		{F5B31466-6A1D-4684-9EB1-CC5FC8825443}.Debug|Any CPU.Build.0 = Debug|Any CPU
		{F5B31466-6A1D-4684-9EB1-CC5FC8825443}.Debug|x64.ActiveCfg = Debug|x64
		{F5B31466-6A1D-4684-9EB1-CC5FC8825443}.Debug|x64.Build.0 = Debug|x64
		{F5B31466-6A1D-4684-9EB1-CC5FC8825443}.Debug|x86.ActiveCfg = Debug|x86
		{F5B31466-6A1D-4684-9EB1-CC5FC8825443}.Debug|x86.Build.0 = Debug|x86
		{F5B31466-6A1D-4684-9EB1-CC5FC8825443}.Release|Any CPU.ActiveCfg = Release|Any CPU
		{F5B31466-6A1D-4684-9EB1-CC5FC8825443}.Release|Any CPU.Build.0 = Release|Any CPU
		{F5B31466-6A1D-4684-9EB1-CC5FC8825443}.Release|x64.ActiveCfg = Release|x64
		{F5B31466-6A1D-4684-9EB1-CC5FC8825443}.Release|x64.Build.0 = Release|x64
		{F5B31466-6A1D-4684-9EB1-CC5FC8825443}.Release|x86.ActiveCfg = Release|x86
		{F5B31466-6A1D-4684-9EB1-CC5FC8825443}.Release|x86.Build.0 = Release|x86
		{42E28FEC-1899-40D2-99EC-BC185D06C944}.Debug|Any CPU.ActiveCfg = Debug|Any CPU
		{42E28FEC-1899-40D2-99EC-BC185D06C944}.Debug|Any CPU.Build.0 = Debug|Any CPU
		{42E28FEC-1899-40D2-99EC-BC185D06C944}.Debug|x64.ActiveCfg = Debug|x64
		{42E28FEC-1899-40D2-99EC-BC185D06C944}.Debug|x64.Build.0 = Debug|x64
		{42E28FEC-1899-40D2-99EC-BC185D06C944}.Debug|x86.ActiveCfg = Debug|x86
		{42E28FEC-1899-40D2-99EC-BC185D06C944}.Debug|x86.Build.0 = Debug|x86
		{42E28FEC-1899-40D2-99EC-BC185D06C944}.Release|Any CPU.ActiveCfg = Release|Any CPU
		{42E28FEC-1899-40D2-99EC-BC185D06C944}.Release|Any CPU.Build.0 = Release|Any CPU
		{42E28FEC-1899-40D2-99EC-BC185D06C944}.Release|x64.ActiveCfg = Release|x64
		{42E28FEC-1899-40D2-99EC-BC185D06C944}.Release|x64.Build.0 = Release|x64
		{42E28FEC-1899-40D2-99EC-BC185D06C944}.Release|x86.ActiveCfg = Release|x86
		{42E28FEC-1899-40D2-99EC-BC185D06C944}.Release|x86.Build.0 = Release|x86
		{557468BD-7E0F-4E68-B283-15779BDE585B}.Debug|Any CPU.ActiveCfg = Debug|Any CPU
		{557468BD-7E0F-4E68-B283-15779BDE585B}.Debug|Any CPU.Build.0 = Debug|Any CPU
		{557468BD-7E0F-4E68-B283-15779BDE585B}.Debug|x64.ActiveCfg = Debug|x64
		{557468BD-7E0F-4E68-B283-15779BDE585B}.Debug|x64.Build.0 = Debug|x64
		{557468BD-7E0F-4E68-B283-15779BDE585B}.Debug|x86.ActiveCfg = Debug|x86
		{557468BD-7E0F-4E68-B283-15779BDE585B}.Debug|x86.Build.0 = Debug|x86
		{557468BD-7E0F-4E68-B283-15779BDE585B}.Release|Any CPU.ActiveCfg = Release|Any CPU
		{557468BD-7E0F-4E68-B283-15779BDE585B}.Release|Any CPU.Build.0 = Release|Any CPU
		{557468BD-7E0F-4E68-B283-15779BDE585B}.Release|x64.ActiveCfg = Release|x64
		{557468BD-7E0F-4E68-B283-15779BDE585B}.Release|x64.Build.0 = Release|x64
		{557468BD-7E0F-4E68-B283-15779BDE585B}.Release|x86.ActiveCfg = Release|x86
		{557468BD-7E0F-4E68-B283-15779BDE585B}.Release|x86.Build.0 = Release|x86
		{C988C2F6-84AA-47A1-9DAA-D30745E2781D}.Debug|Any CPU.ActiveCfg = Debug|Any CPU
		{C988C2F6-84AA-47A1-9DAA-D30745E2781D}.Debug|Any CPU.Build.0 = Debug|Any CPU
		{C988C2F6-84AA-47A1-9DAA-D30745E2781D}.Debug|x64.ActiveCfg = Debug|Any CPU
		{C988C2F6-84AA-47A1-9DAA-D30745E2781D}.Debug|x64.Build.0 = Debug|Any CPU
		{C988C2F6-84AA-47A1-9DAA-D30745E2781D}.Debug|x86.ActiveCfg = Debug|Any CPU
		{C988C2F6-84AA-47A1-9DAA-D30745E2781D}.Debug|x86.Build.0 = Debug|Any CPU
		{C988C2F6-84AA-47A1-9DAA-D30745E2781D}.Release|Any CPU.ActiveCfg = Release|Any CPU
		{C988C2F6-84AA-47A1-9DAA-D30745E2781D}.Release|Any CPU.Build.0 = Release|Any CPU
		{C988C2F6-84AA-47A1-9DAA-D30745E2781D}.Release|x64.ActiveCfg = Release|Any CPU
		{C988C2F6-84AA-47A1-9DAA-D30745E2781D}.Release|x64.Build.0 = Release|Any CPU
		{C988C2F6-84AA-47A1-9DAA-D30745E2781D}.Release|x86.ActiveCfg = Release|Any CPU
		{C988C2F6-84AA-47A1-9DAA-D30745E2781D}.Release|x86.Build.0 = Release|Any CPU
		{819B1E2D-8EDF-4CFE-B5E7-E0B9D8227738}.Debug|Any CPU.ActiveCfg = Debug|Any CPU
		{819B1E2D-8EDF-4CFE-B5E7-E0B9D8227738}.Debug|Any CPU.Build.0 = Debug|Any CPU
		{819B1E2D-8EDF-4CFE-B5E7-E0B9D8227738}.Debug|x64.ActiveCfg = Debug|x64
		{819B1E2D-8EDF-4CFE-B5E7-E0B9D8227738}.Debug|x64.Build.0 = Debug|x64
		{819B1E2D-8EDF-4CFE-B5E7-E0B9D8227738}.Debug|x86.ActiveCfg = Debug|x86
		{819B1E2D-8EDF-4CFE-B5E7-E0B9D8227738}.Debug|x86.Build.0 = Debug|x86
		{819B1E2D-8EDF-4CFE-B5E7-E0B9D8227738}.Release|Any CPU.ActiveCfg = Release|Any CPU
		{819B1E2D-8EDF-4CFE-B5E7-E0B9D8227738}.Release|Any CPU.Build.0 = Release|Any CPU
		{819B1E2D-8EDF-4CFE-B5E7-E0B9D8227738}.Release|x64.ActiveCfg = Release|x64
		{819B1E2D-8EDF-4CFE-B5E7-E0B9D8227738}.Release|x64.Build.0 = Release|x64
		{819B1E2D-8EDF-4CFE-B5E7-E0B9D8227738}.Release|x86.ActiveCfg = Release|x86
		{819B1E2D-8EDF-4CFE-B5E7-E0B9D8227738}.Release|x86.Build.0 = Release|x86
		{7D732823-3CC7-4DD8-87C3-D8C17A59B771}.Debug|Any CPU.ActiveCfg = Debug|Any CPU
		{7D732823-3CC7-4DD8-87C3-D8C17A59B771}.Debug|Any CPU.Build.0 = Debug|Any CPU
		{7D732823-3CC7-4DD8-87C3-D8C17A59B771}.Debug|x64.ActiveCfg = Debug|x64
		{7D732823-3CC7-4DD8-87C3-D8C17A59B771}.Debug|x64.Build.0 = Debug|x64
		{7D732823-3CC7-4DD8-87C3-D8C17A59B771}.Debug|x86.ActiveCfg = Debug|x86
		{7D732823-3CC7-4DD8-87C3-D8C17A59B771}.Debug|x86.Build.0 = Debug|x86
		{7D732823-3CC7-4DD8-87C3-D8C17A59B771}.Release|Any CPU.ActiveCfg = Release|Any CPU
		{7D732823-3CC7-4DD8-87C3-D8C17A59B771}.Release|Any CPU.Build.0 = Release|Any CPU
		{7D732823-3CC7-4DD8-87C3-D8C17A59B771}.Release|x64.ActiveCfg = Release|x64
		{7D732823-3CC7-4DD8-87C3-D8C17A59B771}.Release|x64.Build.0 = Release|x64
		{7D732823-3CC7-4DD8-87C3-D8C17A59B771}.Release|x86.ActiveCfg = Release|x86
		{7D732823-3CC7-4DD8-87C3-D8C17A59B771}.Release|x86.Build.0 = Release|x86
		{25E26C09-3749-4BF4-822D-4C7510415B31}.Debug|Any CPU.ActiveCfg = Debug|Any CPU
		{25E26C09-3749-4BF4-822D-4C7510415B31}.Debug|Any CPU.Build.0 = Debug|Any CPU
		{25E26C09-3749-4BF4-822D-4C7510415B31}.Debug|x64.ActiveCfg = Debug|x64
		{25E26C09-3749-4BF4-822D-4C7510415B31}.Debug|x64.Build.0 = Debug|x64
		{25E26C09-3749-4BF4-822D-4C7510415B31}.Debug|x86.ActiveCfg = Debug|x86
		{25E26C09-3749-4BF4-822D-4C7510415B31}.Debug|x86.Build.0 = Debug|x86
		{25E26C09-3749-4BF4-822D-4C7510415B31}.Release|Any CPU.ActiveCfg = Release|Any CPU
		{25E26C09-3749-4BF4-822D-4C7510415B31}.Release|Any CPU.Build.0 = Release|Any CPU
		{25E26C09-3749-4BF4-822D-4C7510415B31}.Release|x64.ActiveCfg = Release|x64
		{25E26C09-3749-4BF4-822D-4C7510415B31}.Release|x64.Build.0 = Release|x64
		{25E26C09-3749-4BF4-822D-4C7510415B31}.Release|x86.ActiveCfg = Release|x86
		{25E26C09-3749-4BF4-822D-4C7510415B31}.Release|x86.Build.0 = Release|x86
		{21968CEC-BD93-484B-8687-635511F17399}.Debug|Any CPU.ActiveCfg = Debug|Any CPU
		{21968CEC-BD93-484B-8687-635511F17399}.Debug|Any CPU.Build.0 = Debug|Any CPU
		{21968CEC-BD93-484B-8687-635511F17399}.Debug|x64.ActiveCfg = Debug|x64
		{21968CEC-BD93-484B-8687-635511F17399}.Debug|x64.Build.0 = Debug|x64
		{21968CEC-BD93-484B-8687-635511F17399}.Debug|x86.ActiveCfg = Debug|x86
		{21968CEC-BD93-484B-8687-635511F17399}.Debug|x86.Build.0 = Debug|x86
		{21968CEC-BD93-484B-8687-635511F17399}.Release|Any CPU.ActiveCfg = Release|Any CPU
		{21968CEC-BD93-484B-8687-635511F17399}.Release|Any CPU.Build.0 = Release|Any CPU
		{21968CEC-BD93-484B-8687-635511F17399}.Release|x64.ActiveCfg = Release|x64
		{21968CEC-BD93-484B-8687-635511F17399}.Release|x64.Build.0 = Release|x64
		{21968CEC-BD93-484B-8687-635511F17399}.Release|x86.ActiveCfg = Release|x86
		{21968CEC-BD93-484B-8687-635511F17399}.Release|x86.Build.0 = Release|x86
		{5C20B477-27E9-4C3B-83ED-B95504B53BDE}.Debug|Any CPU.ActiveCfg = Debug|Any CPU
		{5C20B477-27E9-4C3B-83ED-B95504B53BDE}.Debug|Any CPU.Build.0 = Debug|Any CPU
		{5C20B477-27E9-4C3B-83ED-B95504B53BDE}.Debug|x64.ActiveCfg = Debug|x64
		{5C20B477-27E9-4C3B-83ED-B95504B53BDE}.Debug|x64.Build.0 = Debug|x64
		{5C20B477-27E9-4C3B-83ED-B95504B53BDE}.Debug|x86.ActiveCfg = Debug|x86
		{5C20B477-27E9-4C3B-83ED-B95504B53BDE}.Debug|x86.Build.0 = Debug|x86
		{5C20B477-27E9-4C3B-83ED-B95504B53BDE}.Release|Any CPU.ActiveCfg = Release|Any CPU
		{5C20B477-27E9-4C3B-83ED-B95504B53BDE}.Release|Any CPU.Build.0 = Release|Any CPU
		{5C20B477-27E9-4C3B-83ED-B95504B53BDE}.Release|x64.ActiveCfg = Release|x64
		{5C20B477-27E9-4C3B-83ED-B95504B53BDE}.Release|x64.Build.0 = Release|x64
		{5C20B477-27E9-4C3B-83ED-B95504B53BDE}.Release|x86.ActiveCfg = Release|x86
		{5C20B477-27E9-4C3B-83ED-B95504B53BDE}.Release|x86.Build.0 = Release|x86
		{E25BEEF6-732F-41FF-B736-22D1DD60C0C2}.Debug|Any CPU.ActiveCfg = Debug|Any CPU
		{E25BEEF6-732F-41FF-B736-22D1DD60C0C2}.Debug|Any CPU.Build.0 = Debug|Any CPU
		{E25BEEF6-732F-41FF-B736-22D1DD60C0C2}.Debug|x64.ActiveCfg = Debug|x64
		{E25BEEF6-732F-41FF-B736-22D1DD60C0C2}.Debug|x64.Build.0 = Debug|x64
		{E25BEEF6-732F-41FF-B736-22D1DD60C0C2}.Debug|x86.ActiveCfg = Debug|x86
		{E25BEEF6-732F-41FF-B736-22D1DD60C0C2}.Debug|x86.Build.0 = Debug|x86
		{E25BEEF6-732F-41FF-B736-22D1DD60C0C2}.Release|Any CPU.ActiveCfg = Release|Any CPU
		{E25BEEF6-732F-41FF-B736-22D1DD60C0C2}.Release|Any CPU.Build.0 = Release|Any CPU
		{E25BEEF6-732F-41FF-B736-22D1DD60C0C2}.Release|x64.ActiveCfg = Release|x64
		{E25BEEF6-732F-41FF-B736-22D1DD60C0C2}.Release|x64.Build.0 = Release|x64
		{E25BEEF6-732F-41FF-B736-22D1DD60C0C2}.Release|x86.ActiveCfg = Release|x86
		{E25BEEF6-732F-41FF-B736-22D1DD60C0C2}.Release|x86.Build.0 = Release|x86
		{34BEDC88-2A5B-4F16-95D1-D985D80790FF}.Debug|Any CPU.ActiveCfg = Debug|Any CPU
		{34BEDC88-2A5B-4F16-95D1-D985D80790FF}.Debug|Any CPU.Build.0 = Debug|Any CPU
		{34BEDC88-2A5B-4F16-95D1-D985D80790FF}.Debug|x64.ActiveCfg = Debug|x64
		{34BEDC88-2A5B-4F16-95D1-D985D80790FF}.Debug|x64.Build.0 = Debug|x64
		{34BEDC88-2A5B-4F16-95D1-D985D80790FF}.Debug|x86.ActiveCfg = Debug|x86
		{34BEDC88-2A5B-4F16-95D1-D985D80790FF}.Debug|x86.Build.0 = Debug|x86
		{34BEDC88-2A5B-4F16-95D1-D985D80790FF}.Release|Any CPU.ActiveCfg = Release|Any CPU
		{34BEDC88-2A5B-4F16-95D1-D985D80790FF}.Release|Any CPU.Build.0 = Release|Any CPU
		{34BEDC88-2A5B-4F16-95D1-D985D80790FF}.Release|x64.ActiveCfg = Release|x64
		{34BEDC88-2A5B-4F16-95D1-D985D80790FF}.Release|x64.Build.0 = Release|x64
		{34BEDC88-2A5B-4F16-95D1-D985D80790FF}.Release|x86.ActiveCfg = Release|x86
		{34BEDC88-2A5B-4F16-95D1-D985D80790FF}.Release|x86.Build.0 = Release|x86
		{AC70FBB2-F50F-48E7-A7CD-65C6444681E5}.Debug|Any CPU.ActiveCfg = Debug|Any CPU
		{AC70FBB2-F50F-48E7-A7CD-65C6444681E5}.Debug|Any CPU.Build.0 = Debug|Any CPU
		{AC70FBB2-F50F-48E7-A7CD-65C6444681E5}.Debug|x64.ActiveCfg = Debug|x64
		{AC70FBB2-F50F-48E7-A7CD-65C6444681E5}.Debug|x64.Build.0 = Debug|x64
		{AC70FBB2-F50F-48E7-A7CD-65C6444681E5}.Debug|x86.ActiveCfg = Debug|x86
		{AC70FBB2-F50F-48E7-A7CD-65C6444681E5}.Debug|x86.Build.0 = Debug|x86
		{AC70FBB2-F50F-48E7-A7CD-65C6444681E5}.Release|Any CPU.ActiveCfg = Release|Any CPU
		{AC70FBB2-F50F-48E7-A7CD-65C6444681E5}.Release|Any CPU.Build.0 = Release|Any CPU
		{AC70FBB2-F50F-48E7-A7CD-65C6444681E5}.Release|x64.ActiveCfg = Release|x64
		{AC70FBB2-F50F-48E7-A7CD-65C6444681E5}.Release|x64.Build.0 = Release|x64
		{AC70FBB2-F50F-48E7-A7CD-65C6444681E5}.Release|x86.ActiveCfg = Release|x86
		{AC70FBB2-F50F-48E7-A7CD-65C6444681E5}.Release|x86.Build.0 = Release|x86
		{266B2553-656F-4BBB-954A-99B567EC25F9}.Debug|Any CPU.ActiveCfg = Debug|Any CPU
		{266B2553-656F-4BBB-954A-99B567EC25F9}.Debug|Any CPU.Build.0 = Debug|Any CPU
		{266B2553-656F-4BBB-954A-99B567EC25F9}.Debug|x64.ActiveCfg = Debug|x64
		{266B2553-656F-4BBB-954A-99B567EC25F9}.Debug|x64.Build.0 = Debug|x64
		{266B2553-656F-4BBB-954A-99B567EC25F9}.Debug|x86.ActiveCfg = Debug|x86
		{266B2553-656F-4BBB-954A-99B567EC25F9}.Debug|x86.Build.0 = Debug|x86
		{266B2553-656F-4BBB-954A-99B567EC25F9}.Release|Any CPU.ActiveCfg = Release|Any CPU
		{266B2553-656F-4BBB-954A-99B567EC25F9}.Release|Any CPU.Build.0 = Release|Any CPU
		{266B2553-656F-4BBB-954A-99B567EC25F9}.Release|x64.ActiveCfg = Release|x64
		{266B2553-656F-4BBB-954A-99B567EC25F9}.Release|x64.Build.0 = Release|x64
		{266B2553-656F-4BBB-954A-99B567EC25F9}.Release|x86.ActiveCfg = Release|x86
		{266B2553-656F-4BBB-954A-99B567EC25F9}.Release|x86.Build.0 = Release|x86
		{71034760-0970-41F9-9211-806A4DBAA705}.Debug|Any CPU.ActiveCfg = Debug|Any CPU
		{71034760-0970-41F9-9211-806A4DBAA705}.Debug|Any CPU.Build.0 = Debug|Any CPU
		{71034760-0970-41F9-9211-806A4DBAA705}.Debug|x64.ActiveCfg = Debug|x64
		{71034760-0970-41F9-9211-806A4DBAA705}.Debug|x64.Build.0 = Debug|x64
		{71034760-0970-41F9-9211-806A4DBAA705}.Debug|x86.ActiveCfg = Debug|x86
		{71034760-0970-41F9-9211-806A4DBAA705}.Debug|x86.Build.0 = Debug|x86
		{71034760-0970-41F9-9211-806A4DBAA705}.Release|Any CPU.ActiveCfg = Release|Any CPU
		{71034760-0970-41F9-9211-806A4DBAA705}.Release|Any CPU.Build.0 = Release|Any CPU
		{71034760-0970-41F9-9211-806A4DBAA705}.Release|x64.ActiveCfg = Release|x64
		{71034760-0970-41F9-9211-806A4DBAA705}.Release|x64.Build.0 = Release|x64
		{71034760-0970-41F9-9211-806A4DBAA705}.Release|x86.ActiveCfg = Release|x86
		{71034760-0970-41F9-9211-806A4DBAA705}.Release|x86.Build.0 = Release|x86
		{993AA77F-DD36-4DF8-ADC0-3A4EAE85971C}.Debug|Any CPU.ActiveCfg = Debug|Any CPU
		{993AA77F-DD36-4DF8-ADC0-3A4EAE85971C}.Debug|Any CPU.Build.0 = Debug|Any CPU
		{993AA77F-DD36-4DF8-ADC0-3A4EAE85971C}.Debug|x64.ActiveCfg = Debug|x64
		{993AA77F-DD36-4DF8-ADC0-3A4EAE85971C}.Debug|x64.Build.0 = Debug|x64
		{993AA77F-DD36-4DF8-ADC0-3A4EAE85971C}.Debug|x86.ActiveCfg = Debug|x86
		{993AA77F-DD36-4DF8-ADC0-3A4EAE85971C}.Debug|x86.Build.0 = Debug|x86
		{993AA77F-DD36-4DF8-ADC0-3A4EAE85971C}.Release|Any CPU.ActiveCfg = Release|Any CPU
		{993AA77F-DD36-4DF8-ADC0-3A4EAE85971C}.Release|Any CPU.Build.0 = Release|Any CPU
		{993AA77F-DD36-4DF8-ADC0-3A4EAE85971C}.Release|x64.ActiveCfg = Release|x64
		{993AA77F-DD36-4DF8-ADC0-3A4EAE85971C}.Release|x64.Build.0 = Release|x64
		{993AA77F-DD36-4DF8-ADC0-3A4EAE85971C}.Release|x86.ActiveCfg = Release|x86
		{993AA77F-DD36-4DF8-ADC0-3A4EAE85971C}.Release|x86.Build.0 = Release|x86
		{42E9F999-2585-4CD6-AF59-D29D42FC2C69}.Debug|Any CPU.ActiveCfg = Debug|Any CPU
		{42E9F999-2585-4CD6-AF59-D29D42FC2C69}.Debug|Any CPU.Build.0 = Debug|Any CPU
		{42E9F999-2585-4CD6-AF59-D29D42FC2C69}.Debug|x64.ActiveCfg = Debug|x64
		{42E9F999-2585-4CD6-AF59-D29D42FC2C69}.Debug|x64.Build.0 = Debug|x64
		{42E9F999-2585-4CD6-AF59-D29D42FC2C69}.Debug|x86.ActiveCfg = Debug|x86
		{42E9F999-2585-4CD6-AF59-D29D42FC2C69}.Debug|x86.Build.0 = Debug|x86
		{42E9F999-2585-4CD6-AF59-D29D42FC2C69}.Release|Any CPU.ActiveCfg = Release|Any CPU
		{42E9F999-2585-4CD6-AF59-D29D42FC2C69}.Release|Any CPU.Build.0 = Release|Any CPU
		{42E9F999-2585-4CD6-AF59-D29D42FC2C69}.Release|x64.ActiveCfg = Release|x64
		{42E9F999-2585-4CD6-AF59-D29D42FC2C69}.Release|x64.Build.0 = Release|x64
		{42E9F999-2585-4CD6-AF59-D29D42FC2C69}.Release|x86.ActiveCfg = Release|x86
		{42E9F999-2585-4CD6-AF59-D29D42FC2C69}.Release|x86.Build.0 = Release|x86
		{FF7BA45C-71E7-4ADD-8FB2-EAC585A513A1}.Debug|Any CPU.ActiveCfg = Debug|Any CPU
		{FF7BA45C-71E7-4ADD-8FB2-EAC585A513A1}.Debug|Any CPU.Build.0 = Debug|Any CPU
		{FF7BA45C-71E7-4ADD-8FB2-EAC585A513A1}.Debug|x64.ActiveCfg = Debug|x64
		{FF7BA45C-71E7-4ADD-8FB2-EAC585A513A1}.Debug|x64.Build.0 = Debug|x64
		{FF7BA45C-71E7-4ADD-8FB2-EAC585A513A1}.Debug|x86.ActiveCfg = Debug|x86
		{FF7BA45C-71E7-4ADD-8FB2-EAC585A513A1}.Debug|x86.Build.0 = Debug|x86
		{FF7BA45C-71E7-4ADD-8FB2-EAC585A513A1}.Release|Any CPU.ActiveCfg = Release|Any CPU
		{FF7BA45C-71E7-4ADD-8FB2-EAC585A513A1}.Release|Any CPU.Build.0 = Release|Any CPU
		{FF7BA45C-71E7-4ADD-8FB2-EAC585A513A1}.Release|x64.ActiveCfg = Release|x64
		{FF7BA45C-71E7-4ADD-8FB2-EAC585A513A1}.Release|x64.Build.0 = Release|x64
		{FF7BA45C-71E7-4ADD-8FB2-EAC585A513A1}.Release|x86.ActiveCfg = Release|x86
		{FF7BA45C-71E7-4ADD-8FB2-EAC585A513A1}.Release|x86.Build.0 = Release|x86
		{1A34B545-80B2-4B5B-A83B-AB660C2D622A}.Debug|Any CPU.ActiveCfg = Debug|Any CPU
		{1A34B545-80B2-4B5B-A83B-AB660C2D622A}.Debug|Any CPU.Build.0 = Debug|Any CPU
		{1A34B545-80B2-4B5B-A83B-AB660C2D622A}.Debug|x64.ActiveCfg = Debug|Any CPU
		{1A34B545-80B2-4B5B-A83B-AB660C2D622A}.Debug|x64.Build.0 = Debug|Any CPU
		{1A34B545-80B2-4B5B-A83B-AB660C2D622A}.Debug|x86.ActiveCfg = Debug|Any CPU
		{1A34B545-80B2-4B5B-A83B-AB660C2D622A}.Debug|x86.Build.0 = Debug|Any CPU
		{1A34B545-80B2-4B5B-A83B-AB660C2D622A}.Release|Any CPU.ActiveCfg = Release|Any CPU
		{1A34B545-80B2-4B5B-A83B-AB660C2D622A}.Release|Any CPU.Build.0 = Release|Any CPU
		{1A34B545-80B2-4B5B-A83B-AB660C2D622A}.Release|x64.ActiveCfg = Release|Any CPU
		{1A34B545-80B2-4B5B-A83B-AB660C2D622A}.Release|x64.Build.0 = Release|Any CPU
		{1A34B545-80B2-4B5B-A83B-AB660C2D622A}.Release|x86.ActiveCfg = Release|Any CPU
		{1A34B545-80B2-4B5B-A83B-AB660C2D622A}.Release|x86.Build.0 = Release|Any CPU
		{A12D89B8-B453-4108-95DE-6CA89773098B}.Debug|Any CPU.ActiveCfg = Debug|Any CPU
		{A12D89B8-B453-4108-95DE-6CA89773098B}.Debug|Any CPU.Build.0 = Debug|Any CPU
		{A12D89B8-B453-4108-95DE-6CA89773098B}.Debug|x64.ActiveCfg = Debug|x64
		{A12D89B8-B453-4108-95DE-6CA89773098B}.Debug|x64.Build.0 = Debug|x64
		{A12D89B8-B453-4108-95DE-6CA89773098B}.Debug|x86.ActiveCfg = Debug|x86
		{A12D89B8-B453-4108-95DE-6CA89773098B}.Debug|x86.Build.0 = Debug|x86
		{A12D89B8-B453-4108-95DE-6CA89773098B}.Release|Any CPU.ActiveCfg = Release|Any CPU
		{A12D89B8-B453-4108-95DE-6CA89773098B}.Release|Any CPU.Build.0 = Release|Any CPU
		{A12D89B8-B453-4108-95DE-6CA89773098B}.Release|x64.ActiveCfg = Release|x64
		{A12D89B8-B453-4108-95DE-6CA89773098B}.Release|x64.Build.0 = Release|x64
		{A12D89B8-B453-4108-95DE-6CA89773098B}.Release|x86.ActiveCfg = Release|x86
		{A12D89B8-B453-4108-95DE-6CA89773098B}.Release|x86.Build.0 = Release|x86
		{3A980D16-C5CE-478F-9C42-B959D9BB0F9C}.Debug|Any CPU.ActiveCfg = Debug|Any CPU
		{3A980D16-C5CE-478F-9C42-B959D9BB0F9C}.Debug|Any CPU.Build.0 = Debug|Any CPU
		{3A980D16-C5CE-478F-9C42-B959D9BB0F9C}.Debug|x64.ActiveCfg = Debug|x64
		{3A980D16-C5CE-478F-9C42-B959D9BB0F9C}.Debug|x64.Build.0 = Debug|x64
		{3A980D16-C5CE-478F-9C42-B959D9BB0F9C}.Debug|x86.ActiveCfg = Debug|x86
		{3A980D16-C5CE-478F-9C42-B959D9BB0F9C}.Debug|x86.Build.0 = Debug|x86
		{3A980D16-C5CE-478F-9C42-B959D9BB0F9C}.Release|Any CPU.ActiveCfg = Release|Any CPU
		{3A980D16-C5CE-478F-9C42-B959D9BB0F9C}.Release|Any CPU.Build.0 = Release|Any CPU
		{3A980D16-C5CE-478F-9C42-B959D9BB0F9C}.Release|x64.ActiveCfg = Release|x64
		{3A980D16-C5CE-478F-9C42-B959D9BB0F9C}.Release|x64.Build.0 = Release|x64
		{3A980D16-C5CE-478F-9C42-B959D9BB0F9C}.Release|x86.ActiveCfg = Release|x86
		{3A980D16-C5CE-478F-9C42-B959D9BB0F9C}.Release|x86.Build.0 = Release|x86
		{3D95E595-D107-4543-AD15-B98ABB2BFDC1}.Debug|Any CPU.ActiveCfg = Debug|Any CPU
		{3D95E595-D107-4543-AD15-B98ABB2BFDC1}.Debug|Any CPU.Build.0 = Debug|Any CPU
		{3D95E595-D107-4543-AD15-B98ABB2BFDC1}.Debug|x64.ActiveCfg = Debug|x64
		{3D95E595-D107-4543-AD15-B98ABB2BFDC1}.Debug|x64.Build.0 = Debug|x64
		{3D95E595-D107-4543-AD15-B98ABB2BFDC1}.Debug|x86.ActiveCfg = Debug|x86
		{3D95E595-D107-4543-AD15-B98ABB2BFDC1}.Debug|x86.Build.0 = Debug|x86
		{3D95E595-D107-4543-AD15-B98ABB2BFDC1}.Release|Any CPU.ActiveCfg = Release|Any CPU
		{3D95E595-D107-4543-AD15-B98ABB2BFDC1}.Release|Any CPU.Build.0 = Release|Any CPU
		{3D95E595-D107-4543-AD15-B98ABB2BFDC1}.Release|x64.ActiveCfg = Release|x64
		{3D95E595-D107-4543-AD15-B98ABB2BFDC1}.Release|x64.Build.0 = Release|x64
		{3D95E595-D107-4543-AD15-B98ABB2BFDC1}.Release|x86.ActiveCfg = Release|x86
		{3D95E595-D107-4543-AD15-B98ABB2BFDC1}.Release|x86.Build.0 = Release|x86
		{0F5A95B4-DCD2-4523-8964-0E6133499307}.Debug|Any CPU.ActiveCfg = Debug|Any CPU
		{0F5A95B4-DCD2-4523-8964-0E6133499307}.Debug|Any CPU.Build.0 = Debug|Any CPU
		{0F5A95B4-DCD2-4523-8964-0E6133499307}.Debug|x64.ActiveCfg = Debug|x64
		{0F5A95B4-DCD2-4523-8964-0E6133499307}.Debug|x64.Build.0 = Debug|x64
		{0F5A95B4-DCD2-4523-8964-0E6133499307}.Debug|x86.ActiveCfg = Debug|x86
		{0F5A95B4-DCD2-4523-8964-0E6133499307}.Debug|x86.Build.0 = Debug|x86
		{0F5A95B4-DCD2-4523-8964-0E6133499307}.Release|Any CPU.ActiveCfg = Release|Any CPU
		{0F5A95B4-DCD2-4523-8964-0E6133499307}.Release|Any CPU.Build.0 = Release|Any CPU
		{0F5A95B4-DCD2-4523-8964-0E6133499307}.Release|x64.ActiveCfg = Release|x64
		{0F5A95B4-DCD2-4523-8964-0E6133499307}.Release|x64.Build.0 = Release|x64
		{0F5A95B4-DCD2-4523-8964-0E6133499307}.Release|x86.ActiveCfg = Release|x86
		{0F5A95B4-DCD2-4523-8964-0E6133499307}.Release|x86.Build.0 = Release|x86
		{84CD9C11-74E7-477F-BFA7-B619CF3B9332}.Debug|Any CPU.ActiveCfg = Debug|Any CPU
		{84CD9C11-74E7-477F-BFA7-B619CF3B9332}.Debug|Any CPU.Build.0 = Debug|Any CPU
		{84CD9C11-74E7-477F-BFA7-B619CF3B9332}.Debug|x64.ActiveCfg = Debug|x64
		{84CD9C11-74E7-477F-BFA7-B619CF3B9332}.Debug|x64.Build.0 = Debug|x64
		{84CD9C11-74E7-477F-BFA7-B619CF3B9332}.Debug|x86.ActiveCfg = Debug|x86
		{84CD9C11-74E7-477F-BFA7-B619CF3B9332}.Debug|x86.Build.0 = Debug|x86
		{84CD9C11-74E7-477F-BFA7-B619CF3B9332}.Release|Any CPU.ActiveCfg = Release|Any CPU
		{84CD9C11-74E7-477F-BFA7-B619CF3B9332}.Release|Any CPU.Build.0 = Release|Any CPU
		{84CD9C11-74E7-477F-BFA7-B619CF3B9332}.Release|x64.ActiveCfg = Release|x64
		{84CD9C11-74E7-477F-BFA7-B619CF3B9332}.Release|x64.Build.0 = Release|x64
		{84CD9C11-74E7-477F-BFA7-B619CF3B9332}.Release|x86.ActiveCfg = Release|x86
		{84CD9C11-74E7-477F-BFA7-B619CF3B9332}.Release|x86.Build.0 = Release|x86
		{15595F93-B2B8-477C-8CB8-0DBA8C9BC410}.Debug|Any CPU.ActiveCfg = Debug|Any CPU
		{15595F93-B2B8-477C-8CB8-0DBA8C9BC410}.Debug|Any CPU.Build.0 = Debug|Any CPU
		{15595F93-B2B8-477C-8CB8-0DBA8C9BC410}.Debug|x64.ActiveCfg = Debug|x64
		{15595F93-B2B8-477C-8CB8-0DBA8C9BC410}.Debug|x64.Build.0 = Debug|x64
		{15595F93-B2B8-477C-8CB8-0DBA8C9BC410}.Debug|x86.ActiveCfg = Debug|x86
		{15595F93-B2B8-477C-8CB8-0DBA8C9BC410}.Debug|x86.Build.0 = Debug|x86
		{15595F93-B2B8-477C-8CB8-0DBA8C9BC410}.Release|Any CPU.ActiveCfg = Release|Any CPU
		{15595F93-B2B8-477C-8CB8-0DBA8C9BC410}.Release|Any CPU.Build.0 = Release|Any CPU
		{15595F93-B2B8-477C-8CB8-0DBA8C9BC410}.Release|x64.ActiveCfg = Release|x64
		{15595F93-B2B8-477C-8CB8-0DBA8C9BC410}.Release|x64.Build.0 = Release|x64
		{15595F93-B2B8-477C-8CB8-0DBA8C9BC410}.Release|x86.ActiveCfg = Release|x86
		{15595F93-B2B8-477C-8CB8-0DBA8C9BC410}.Release|x86.Build.0 = Release|x86
		{EFFE9505-0C2A-4D08-A863-D10BED27966B}.Debug|Any CPU.ActiveCfg = Debug|Any CPU
		{EFFE9505-0C2A-4D08-A863-D10BED27966B}.Debug|Any CPU.Build.0 = Debug|Any CPU
		{EFFE9505-0C2A-4D08-A863-D10BED27966B}.Debug|x64.ActiveCfg = Debug|x64
		{EFFE9505-0C2A-4D08-A863-D10BED27966B}.Debug|x64.Build.0 = Debug|x64
		{EFFE9505-0C2A-4D08-A863-D10BED27966B}.Debug|x86.ActiveCfg = Debug|x86
		{EFFE9505-0C2A-4D08-A863-D10BED27966B}.Debug|x86.Build.0 = Debug|x86
		{EFFE9505-0C2A-4D08-A863-D10BED27966B}.Release|Any CPU.ActiveCfg = Release|Any CPU
		{EFFE9505-0C2A-4D08-A863-D10BED27966B}.Release|Any CPU.Build.0 = Release|Any CPU
		{EFFE9505-0C2A-4D08-A863-D10BED27966B}.Release|x64.ActiveCfg = Release|x64
		{EFFE9505-0C2A-4D08-A863-D10BED27966B}.Release|x64.Build.0 = Release|x64
		{EFFE9505-0C2A-4D08-A863-D10BED27966B}.Release|x86.ActiveCfg = Release|x86
		{EFFE9505-0C2A-4D08-A863-D10BED27966B}.Release|x86.Build.0 = Release|x86
		{42BA6475-58BA-4CAE-B265-96CD40811299}.Debug|Any CPU.ActiveCfg = Debug|Any CPU
		{42BA6475-58BA-4CAE-B265-96CD40811299}.Debug|Any CPU.Build.0 = Debug|Any CPU
		{42BA6475-58BA-4CAE-B265-96CD40811299}.Debug|x64.ActiveCfg = Debug|x64
		{42BA6475-58BA-4CAE-B265-96CD40811299}.Debug|x64.Build.0 = Debug|x64
		{42BA6475-58BA-4CAE-B265-96CD40811299}.Debug|x86.ActiveCfg = Debug|x86
		{42BA6475-58BA-4CAE-B265-96CD40811299}.Debug|x86.Build.0 = Debug|x86
		{42BA6475-58BA-4CAE-B265-96CD40811299}.Release|Any CPU.ActiveCfg = Release|Any CPU
		{42BA6475-58BA-4CAE-B265-96CD40811299}.Release|Any CPU.Build.0 = Release|Any CPU
		{42BA6475-58BA-4CAE-B265-96CD40811299}.Release|x64.ActiveCfg = Release|x64
		{42BA6475-58BA-4CAE-B265-96CD40811299}.Release|x64.Build.0 = Release|x64
		{42BA6475-58BA-4CAE-B265-96CD40811299}.Release|x86.ActiveCfg = Release|x86
		{42BA6475-58BA-4CAE-B265-96CD40811299}.Release|x86.Build.0 = Release|x86
		{7AEDBAA8-F841-48A8-AA60-A5B8FD8B1D60}.Debug|Any CPU.ActiveCfg = Debug|Any CPU
		{7AEDBAA8-F841-48A8-AA60-A5B8FD8B1D60}.Debug|Any CPU.Build.0 = Debug|Any CPU
		{7AEDBAA8-F841-48A8-AA60-A5B8FD8B1D60}.Debug|x64.ActiveCfg = Debug|x64
		{7AEDBAA8-F841-48A8-AA60-A5B8FD8B1D60}.Debug|x64.Build.0 = Debug|x64
		{7AEDBAA8-F841-48A8-AA60-A5B8FD8B1D60}.Debug|x86.ActiveCfg = Debug|x86
		{7AEDBAA8-F841-48A8-AA60-A5B8FD8B1D60}.Debug|x86.Build.0 = Debug|x86
		{7AEDBAA8-F841-48A8-AA60-A5B8FD8B1D60}.Release|Any CPU.ActiveCfg = Release|Any CPU
		{7AEDBAA8-F841-48A8-AA60-A5B8FD8B1D60}.Release|Any CPU.Build.0 = Release|Any CPU
		{7AEDBAA8-F841-48A8-AA60-A5B8FD8B1D60}.Release|x64.ActiveCfg = Release|x64
		{7AEDBAA8-F841-48A8-AA60-A5B8FD8B1D60}.Release|x64.Build.0 = Release|x64
		{7AEDBAA8-F841-48A8-AA60-A5B8FD8B1D60}.Release|x86.ActiveCfg = Release|x86
		{7AEDBAA8-F841-48A8-AA60-A5B8FD8B1D60}.Release|x86.Build.0 = Release|x86
		{6728883B-56FB-497C-BA32-7AC44388D460}.Debug|Any CPU.ActiveCfg = Debug|Any CPU
		{6728883B-56FB-497C-BA32-7AC44388D460}.Debug|Any CPU.Build.0 = Debug|Any CPU
		{6728883B-56FB-497C-BA32-7AC44388D460}.Debug|x64.ActiveCfg = Debug|x64
		{6728883B-56FB-497C-BA32-7AC44388D460}.Debug|x64.Build.0 = Debug|x64
		{6728883B-56FB-497C-BA32-7AC44388D460}.Debug|x86.ActiveCfg = Debug|x86
		{6728883B-56FB-497C-BA32-7AC44388D460}.Debug|x86.Build.0 = Debug|x86
		{6728883B-56FB-497C-BA32-7AC44388D460}.Release|Any CPU.ActiveCfg = Release|Any CPU
		{6728883B-56FB-497C-BA32-7AC44388D460}.Release|Any CPU.Build.0 = Release|Any CPU
		{6728883B-56FB-497C-BA32-7AC44388D460}.Release|x64.ActiveCfg = Release|x64
		{6728883B-56FB-497C-BA32-7AC44388D460}.Release|x64.Build.0 = Release|x64
		{6728883B-56FB-497C-BA32-7AC44388D460}.Release|x86.ActiveCfg = Release|x86
		{6728883B-56FB-497C-BA32-7AC44388D460}.Release|x86.Build.0 = Release|x86
		{02A08A3E-0694-44CA-8325-7E7A9B5D37E1}.Debug|Any CPU.ActiveCfg = Debug|Any CPU
		{02A08A3E-0694-44CA-8325-7E7A9B5D37E1}.Debug|Any CPU.Build.0 = Debug|Any CPU
		{02A08A3E-0694-44CA-8325-7E7A9B5D37E1}.Debug|x64.ActiveCfg = Debug|x64
		{02A08A3E-0694-44CA-8325-7E7A9B5D37E1}.Debug|x64.Build.0 = Debug|x64
		{02A08A3E-0694-44CA-8325-7E7A9B5D37E1}.Debug|x86.ActiveCfg = Debug|x86
		{02A08A3E-0694-44CA-8325-7E7A9B5D37E1}.Debug|x86.Build.0 = Debug|x86
		{02A08A3E-0694-44CA-8325-7E7A9B5D37E1}.Release|Any CPU.ActiveCfg = Release|Any CPU
		{02A08A3E-0694-44CA-8325-7E7A9B5D37E1}.Release|Any CPU.Build.0 = Release|Any CPU
		{02A08A3E-0694-44CA-8325-7E7A9B5D37E1}.Release|x64.ActiveCfg = Release|x64
		{02A08A3E-0694-44CA-8325-7E7A9B5D37E1}.Release|x64.Build.0 = Release|x64
		{02A08A3E-0694-44CA-8325-7E7A9B5D37E1}.Release|x86.ActiveCfg = Release|x86
		{02A08A3E-0694-44CA-8325-7E7A9B5D37E1}.Release|x86.Build.0 = Release|x86
		{74367BEA-438C-42AA-87ED-FE56133384EF}.Debug|Any CPU.ActiveCfg = Debug|Any CPU
		{74367BEA-438C-42AA-87ED-FE56133384EF}.Debug|Any CPU.Build.0 = Debug|Any CPU
		{74367BEA-438C-42AA-87ED-FE56133384EF}.Debug|x64.ActiveCfg = Debug|x64
		{74367BEA-438C-42AA-87ED-FE56133384EF}.Debug|x64.Build.0 = Debug|x64
		{74367BEA-438C-42AA-87ED-FE56133384EF}.Debug|x86.ActiveCfg = Debug|x86
		{74367BEA-438C-42AA-87ED-FE56133384EF}.Debug|x86.Build.0 = Debug|x86
		{74367BEA-438C-42AA-87ED-FE56133384EF}.Release|Any CPU.ActiveCfg = Release|Any CPU
		{74367BEA-438C-42AA-87ED-FE56133384EF}.Release|Any CPU.Build.0 = Release|Any CPU
		{74367BEA-438C-42AA-87ED-FE56133384EF}.Release|x64.ActiveCfg = Release|x64
		{74367BEA-438C-42AA-87ED-FE56133384EF}.Release|x64.Build.0 = Release|x64
		{74367BEA-438C-42AA-87ED-FE56133384EF}.Release|x86.ActiveCfg = Release|x86
		{74367BEA-438C-42AA-87ED-FE56133384EF}.Release|x86.Build.0 = Release|x86
		{3C01280E-505B-4059-ABBF-4ED1959095CE}.Debug|Any CPU.ActiveCfg = Debug|Any CPU
		{3C01280E-505B-4059-ABBF-4ED1959095CE}.Debug|Any CPU.Build.0 = Debug|Any CPU
		{3C01280E-505B-4059-ABBF-4ED1959095CE}.Debug|x64.ActiveCfg = Debug|x64
		{3C01280E-505B-4059-ABBF-4ED1959095CE}.Debug|x64.Build.0 = Debug|x64
		{3C01280E-505B-4059-ABBF-4ED1959095CE}.Debug|x86.ActiveCfg = Debug|x86
		{3C01280E-505B-4059-ABBF-4ED1959095CE}.Debug|x86.Build.0 = Debug|x86
		{3C01280E-505B-4059-ABBF-4ED1959095CE}.Release|Any CPU.ActiveCfg = Release|Any CPU
		{3C01280E-505B-4059-ABBF-4ED1959095CE}.Release|Any CPU.Build.0 = Release|Any CPU
		{3C01280E-505B-4059-ABBF-4ED1959095CE}.Release|x64.ActiveCfg = Release|x64
		{3C01280E-505B-4059-ABBF-4ED1959095CE}.Release|x64.Build.0 = Release|x64
		{3C01280E-505B-4059-ABBF-4ED1959095CE}.Release|x86.ActiveCfg = Release|x86
		{3C01280E-505B-4059-ABBF-4ED1959095CE}.Release|x86.Build.0 = Release|x86
		{68FDC998-B8C2-41CB-9056-EF234FF44F6E}.Debug|Any CPU.ActiveCfg = Debug|Any CPU
		{68FDC998-B8C2-41CB-9056-EF234FF44F6E}.Debug|Any CPU.Build.0 = Debug|Any CPU
		{68FDC998-B8C2-41CB-9056-EF234FF44F6E}.Debug|x64.ActiveCfg = Debug|Any CPU
		{68FDC998-B8C2-41CB-9056-EF234FF44F6E}.Debug|x64.Build.0 = Debug|Any CPU
		{68FDC998-B8C2-41CB-9056-EF234FF44F6E}.Debug|x86.ActiveCfg = Debug|Any CPU
		{68FDC998-B8C2-41CB-9056-EF234FF44F6E}.Debug|x86.Build.0 = Debug|Any CPU
		{68FDC998-B8C2-41CB-9056-EF234FF44F6E}.Release|Any CPU.ActiveCfg = Release|Any CPU
		{68FDC998-B8C2-41CB-9056-EF234FF44F6E}.Release|Any CPU.Build.0 = Release|Any CPU
		{68FDC998-B8C2-41CB-9056-EF234FF44F6E}.Release|x64.ActiveCfg = Release|Any CPU
		{68FDC998-B8C2-41CB-9056-EF234FF44F6E}.Release|x64.Build.0 = Release|Any CPU
		{68FDC998-B8C2-41CB-9056-EF234FF44F6E}.Release|x86.ActiveCfg = Release|Any CPU
		{68FDC998-B8C2-41CB-9056-EF234FF44F6E}.Release|x86.Build.0 = Release|Any CPU
		{C579718B-6727-4974-9D98-FDB8106CE5C8}.Debug|Any CPU.ActiveCfg = Debug|Any CPU
		{C579718B-6727-4974-9D98-FDB8106CE5C8}.Debug|Any CPU.Build.0 = Debug|Any CPU
		{C579718B-6727-4974-9D98-FDB8106CE5C8}.Debug|x64.ActiveCfg = Debug|x64
		{C579718B-6727-4974-9D98-FDB8106CE5C8}.Debug|x64.Build.0 = Debug|x64
		{C579718B-6727-4974-9D98-FDB8106CE5C8}.Debug|x86.ActiveCfg = Debug|x86
		{C579718B-6727-4974-9D98-FDB8106CE5C8}.Debug|x86.Build.0 = Debug|x86
		{C579718B-6727-4974-9D98-FDB8106CE5C8}.Release|Any CPU.ActiveCfg = Release|Any CPU
		{C579718B-6727-4974-9D98-FDB8106CE5C8}.Release|Any CPU.Build.0 = Release|Any CPU
		{C579718B-6727-4974-9D98-FDB8106CE5C8}.Release|x64.ActiveCfg = Release|x64
		{C579718B-6727-4974-9D98-FDB8106CE5C8}.Release|x64.Build.0 = Release|x64
		{C579718B-6727-4974-9D98-FDB8106CE5C8}.Release|x86.ActiveCfg = Release|x86
		{C579718B-6727-4974-9D98-FDB8106CE5C8}.Release|x86.Build.0 = Release|x86
		{7351E226-77DC-4B67-9757-D56272FC2D80}.Debug|Any CPU.ActiveCfg = Debug|Any CPU
		{7351E226-77DC-4B67-9757-D56272FC2D80}.Debug|Any CPU.Build.0 = Debug|Any CPU
		{7351E226-77DC-4B67-9757-D56272FC2D80}.Debug|x64.ActiveCfg = Debug|x64
		{7351E226-77DC-4B67-9757-D56272FC2D80}.Debug|x64.Build.0 = Debug|x64
		{7351E226-77DC-4B67-9757-D56272FC2D80}.Debug|x86.ActiveCfg = Debug|x86
		{7351E226-77DC-4B67-9757-D56272FC2D80}.Debug|x86.Build.0 = Debug|x86
		{7351E226-77DC-4B67-9757-D56272FC2D80}.Release|Any CPU.ActiveCfg = Release|Any CPU
		{7351E226-77DC-4B67-9757-D56272FC2D80}.Release|Any CPU.Build.0 = Release|Any CPU
		{7351E226-77DC-4B67-9757-D56272FC2D80}.Release|x64.ActiveCfg = Release|x64
		{7351E226-77DC-4B67-9757-D56272FC2D80}.Release|x64.Build.0 = Release|x64
		{7351E226-77DC-4B67-9757-D56272FC2D80}.Release|x86.ActiveCfg = Release|x86
		{7351E226-77DC-4B67-9757-D56272FC2D80}.Release|x86.Build.0 = Release|x86
		{A50C4C93-5AD7-4D7A-AB43-31019868C08B}.Debug|Any CPU.ActiveCfg = Debug|Any CPU
		{A50C4C93-5AD7-4D7A-AB43-31019868C08B}.Debug|Any CPU.Build.0 = Debug|Any CPU
		{A50C4C93-5AD7-4D7A-AB43-31019868C08B}.Debug|x64.ActiveCfg = Debug|x64
		{A50C4C93-5AD7-4D7A-AB43-31019868C08B}.Debug|x64.Build.0 = Debug|x64
		{A50C4C93-5AD7-4D7A-AB43-31019868C08B}.Debug|x86.ActiveCfg = Debug|x86
		{A50C4C93-5AD7-4D7A-AB43-31019868C08B}.Debug|x86.Build.0 = Debug|x86
		{A50C4C93-5AD7-4D7A-AB43-31019868C08B}.Release|Any CPU.ActiveCfg = Release|Any CPU
		{A50C4C93-5AD7-4D7A-AB43-31019868C08B}.Release|Any CPU.Build.0 = Release|Any CPU
		{A50C4C93-5AD7-4D7A-AB43-31019868C08B}.Release|x64.ActiveCfg = Release|x64
		{A50C4C93-5AD7-4D7A-AB43-31019868C08B}.Release|x64.Build.0 = Release|x64
		{A50C4C93-5AD7-4D7A-AB43-31019868C08B}.Release|x86.ActiveCfg = Release|x86
		{A50C4C93-5AD7-4D7A-AB43-31019868C08B}.Release|x86.Build.0 = Release|x86
		{8D06AF81-897C-4FC8-910C-1B32E2706D7D}.Debug|Any CPU.ActiveCfg = Debug|Any CPU
		{8D06AF81-897C-4FC8-910C-1B32E2706D7D}.Debug|Any CPU.Build.0 = Debug|Any CPU
		{8D06AF81-897C-4FC8-910C-1B32E2706D7D}.Debug|x64.ActiveCfg = Debug|x64
		{8D06AF81-897C-4FC8-910C-1B32E2706D7D}.Debug|x64.Build.0 = Debug|x64
		{8D06AF81-897C-4FC8-910C-1B32E2706D7D}.Debug|x86.ActiveCfg = Debug|x86
		{8D06AF81-897C-4FC8-910C-1B32E2706D7D}.Debug|x86.Build.0 = Debug|x86
		{8D06AF81-897C-4FC8-910C-1B32E2706D7D}.Release|Any CPU.ActiveCfg = Release|Any CPU
		{8D06AF81-897C-4FC8-910C-1B32E2706D7D}.Release|Any CPU.Build.0 = Release|Any CPU
		{8D06AF81-897C-4FC8-910C-1B32E2706D7D}.Release|x64.ActiveCfg = Release|x64
		{8D06AF81-897C-4FC8-910C-1B32E2706D7D}.Release|x64.Build.0 = Release|x64
		{8D06AF81-897C-4FC8-910C-1B32E2706D7D}.Release|x86.ActiveCfg = Release|x86
		{8D06AF81-897C-4FC8-910C-1B32E2706D7D}.Release|x86.Build.0 = Release|x86
	EndGlobalSection
	GlobalSection(SolutionProperties) = preSolution
		HideSolutionNode = FALSE
	EndGlobalSection
	GlobalSection(ExtensibilityGlobals) = postSolution
		SolutionGuid = {6540A1D6-4182-4562-9299-EE365A4A22A8}
	EndGlobalSection
EndGlobal
